
Microsoft Visual Studio Solution File, Format Version 12.00
# Visual Studio Version 16
VisualStudioVersion = 16.0.31515.178
MinimumVisualStudioVersion = 10.0.40219.1
Project("{FAE04EC0-301F-11D3-BF4B-00C04F79EFBC}") = "AES 256 CSharp", "AES 256 CSharp\AES 256 CSharp.csproj", "{BAF02C71-844E-4CD6-B301-8CBF13BC5EC4}"
EndProject
Global
	GlobalSection(SolutionConfigurationPlatforms) = preSolution
		Debug|Any CPU = Debug|Any CPU
		Release|Any CPU = Release|Any CPU
	EndGlobalSection
	GlobalSection(ProjectConfigurationPlatforms) = postSolution
		{BAF02C71-844E-4CD6-B301-8CBF13BC5EC4}.Debug|Any CPU.ActiveCfg = Debug|Any CPU
		{BAF02C71-844E-4CD6-B301-8CBF13BC5EC4}.Debug|Any CPU.Build.0 = Debug|Any CPU
		{BAF02C71-844E-4CD6-B301-8CBF13BC5EC4}.Release|Any CPU.ActiveCfg = Release|Any CPU
		{BAF02C71-844E-4CD6-B301-8CBF13BC5EC4}.Release|Any CPU.Build.0 = Release|Any CPU
	EndGlobalSection
	GlobalSection(SolutionProperties) = preSolution
		HideSolutionNode = FALSE
	EndGlobalSection
	GlobalSection(ExtensibilityGlobals) = postSolution
		SolutionGuid = {D19A520D-480C-4D1F-BF6A-4B5D638EA6C0}
	EndGlobalSection
EndGlobal
